
Microsoft Visual Studio Solution File, Format Version 12.00
# Visual Studio Version 16
VisualStudioVersion = 16.0.31424.327
MinimumVisualStudioVersion = 10.0.40219.1
Project("{FAE04EC0-301F-11D3-BF4B-00C04F79EFBC}") = "5_crypto_2", "5_crypto_2.csproj", "{E3E333CE-DCE2-4222-9A83-89C906DD1513}"
EndProject
Global
	GlobalSection(SolutionConfigurationPlatforms) = preSolution
		Debug|Any CPU = Debug|Any CPU
		Release|Any CPU = Release|Any CPU
	EndGlobalSection
	GlobalSection(ProjectConfigurationPlatforms) = postSolution
		{E3E333CE-DCE2-4222-9A83-89C906DD1513}.Debug|Any CPU.ActiveCfg = Debug|Any CPU
		{E3E333CE-DCE2-4222-9A83-89C906DD1513}.Debug|Any CPU.Build.0 = Debug|Any CPU
		{E3E333CE-DCE2-4222-9A83-89C906DD1513}.Release|Any CPU.ActiveCfg = Release|Any CPU
		{E3E333CE-DCE2-4222-9A83-89C906DD1513}.Release|Any CPU.Build.0 = Release|Any CPU
	EndGlobalSection
	GlobalSection(SolutionProperties) = preSolution
		HideSolutionNode = FALSE
	EndGlobalSection
	GlobalSection(ExtensibilityGlobals) = postSolution
		SolutionGuid = {68CDC081-1D68-4CA4-BA43-E9A209E220D4}
	EndGlobalSection
EndGlobal
